
Microsoft Visual Studio Solution File, Format Version 12.00
# Visual Studio 15
VisualStudioVersion = 15.0.27703.2042
MinimumVisualStudioVersion = 10.0.40219.1
Project("{9A19103F-16F7-4668-BE54-9A1E7A4F7556}") = "ESN", "ESN\ESN.csproj", "{BE6D73A2-1611-4EE7-863F-16AAE25B498C}"
EndProject
Project("{FAE04EC0-301F-11D3-BF4B-00C04F79EFBC}") = "BizLib", "BizLib\BizLib.csproj", "{1FF0AD9F-0145-4A33-ACBA-00B3B2B5916F}"
EndProject
Project("{FAE04EC0-301F-11D3-BF4B-00C04F79EFBC}") = "ComLib", "ComLib\ComLib.csproj", "{2361BC2B-4CCC-4893-B63C-A28D50BB3062}"
EndProject
Project("{FAE04EC0-301F-11D3-BF4B-00C04F79EFBC}") = "DacLib", "DacLib\DacLib.csproj", "{C5072D8D-4151-47CE-B400-01070321D557}"
EndProject
Global
	GlobalSection(SolutionConfigurationPlatforms) = preSolution
		Debug|Any CPU = Debug|Any CPU
		Release|Any CPU = Release|Any CPU
	EndGlobalSection
	GlobalSection(ProjectConfigurationPlatforms) = postSolution
		{BE6D73A2-1611-4EE7-863F-16AAE25B498C}.Debug|Any CPU.ActiveCfg = Debug|Any CPU
		{BE6D73A2-1611-4EE7-863F-16AAE25B498C}.Debug|Any CPU.Build.0 = Debug|Any CPU
		{BE6D73A2-1611-4EE7-863F-16AAE25B498C}.Release|Any CPU.ActiveCfg = Release|Any CPU
		{BE6D73A2-1611-4EE7-863F-16AAE25B498C}.Release|Any CPU.Build.0 = Release|Any CPU
		{1FF0AD9F-0145-4A33-ACBA-00B3B2B5916F}.Debug|Any CPU.ActiveCfg = Debug|Any CPU
		{1FF0AD9F-0145-4A33-ACBA-00B3B2B5916F}.Debug|Any CPU.Build.0 = Debug|Any CPU
		{1FF0AD9F-0145-4A33-ACBA-00B3B2B5916F}.Release|Any CPU.ActiveCfg = Release|Any CPU
		{1FF0AD9F-0145-4A33-ACBA-00B3B2B5916F}.Release|Any CPU.Build.0 = Release|Any CPU
		{2361BC2B-4CCC-4893-B63C-A28D50BB3062}.Debug|Any CPU.ActiveCfg = Debug|Any CPU
		{2361BC2B-4CCC-4893-B63C-A28D50BB3062}.Debug|Any CPU.Build.0 = Debug|Any CPU
		{2361BC2B-4CCC-4893-B63C-A28D50BB3062}.Release|Any CPU.ActiveCfg = Release|Any CPU
		{2361BC2B-4CCC-4893-B63C-A28D50BB3062}.Release|Any CPU.Build.0 = Release|Any CPU
		{C5072D8D-4151-47CE-B400-01070321D557}.Debug|Any CPU.ActiveCfg = Debug|Any CPU
		{C5072D8D-4151-47CE-B400-01070321D557}.Debug|Any CPU.Build.0 = Debug|Any CPU
		{C5072D8D-4151-47CE-B400-01070321D557}.Release|Any CPU.ActiveCfg = Release|Any CPU
		{C5072D8D-4151-47CE-B400-01070321D557}.Release|Any CPU.Build.0 = Release|Any CPU
	EndGlobalSection
	GlobalSection(SolutionProperties) = preSolution
		HideSolutionNode = FALSE
	EndGlobalSection
	GlobalSection(ExtensibilityGlobals) = postSolution
		SolutionGuid = {B156DCC0-5FEF-492A-A59B-C228FEA387C5}
	EndGlobalSection
EndGlobal
